
Microsoft Visual Studio Solution File, Format Version 12.00
# Visual Studio 15
VisualStudioVersion = 15.0.27130.2027
MinimumVisualStudioVersion = 10.0.40219.1
Project("{2150E333-8FDC-42A3-9474-1A3956D46DE8}") = ".git", ".git", "{77664CCE-A151-4179-9ED3-9786F72E11BF}"
	ProjectSection(SolutionItems) = preProject
		.gitignore = .gitignore
	EndProjectSection
EndProject
Project("{2150E333-8FDC-42A3-9474-1A3956D46DE8}") = "Analysis", "Analysis", "{2158283F-6879-4CFC-9A03-55C5117F1408}"
	ProjectSection(SolutionItems) = preProject
		Build\Analysis\AlbaLibrary.ruleset = Build\Analysis\AlbaLibrary.ruleset
		Build\Analysis\AlbaSample.ruleset = Build\Analysis\AlbaSample.ruleset
		Build\Analysis\CustomDictionary.xml = Build\Analysis\CustomDictionary.xml
		Build\Analysis\CustomDictionary.xsd = Build\Analysis\CustomDictionary.xsd
		Build\Analysis\Inspection.DotSettings = Build\Analysis\Inspection.DotSettings
	EndProjectSection
EndProject
Project("{2150E333-8FDC-42A3-9474-1A3956D46DE8}") = "Build", "Build", "{223EAB33-87FE-46F8-BC1E-3BEC4DDE782E}"
	ProjectSection(SolutionItems) = preProject
		Build\Settings.AppVeyor.Emulate.props = Build\Settings.AppVeyor.Emulate.props
		Build\Settings.AppVeyor.props = Build\Settings.AppVeyor.props
		Build\Settings.Dirs.props = Build\Settings.Dirs.props
		Build\Settings.props = Build\Settings.props
		Build\Settings.targets = Build\Settings.targets
	EndProjectSection
EndProject
Project("{2150E333-8FDC-42A3-9474-1A3956D46DE8}") = "Docs", "Docs", "{EBA04052-A12A-4DCA-842F-26149298C1FD}"
	ProjectSection(SolutionItems) = preProject
		Docs\ReadMe.NuGet.md = Docs\ReadMe.NuGet.md
	EndProjectSection
EndProject
Project("{2150E333-8FDC-42A3-9474-1A3956D46DE8}") = "Global", "Global", "{B82057D6-FEAE-4361-8A97-6C5C896EFB3C}"
	ProjectSection(SolutionItems) = preProject
		License.md = License.md
		ReadMe.md = ReadMe.md
	EndProjectSection
EndProject
Project("{9A19103F-16F7-4668-BE54-9A1E7A4F7556}") = "Alba.InkBunny.Api", "Alba.InkBunny.Api\Alba.InkBunny.Api.csproj", "{15DF9206-BC6B-43B5-9B45-9F50B32C00F2}"
EndProject
Project("{9A19103F-16F7-4668-BE54-9A1E7A4F7556}") = "Alba.InkBunny.Api.ConsoleTest", "Alba.InkBunny.Api.ConsoleTest\Alba.InkBunny.Api.ConsoleTest.csproj", "{76C06C19-B125-4812-B662-EE22F3861B54}"
EndProject
Global
	GlobalSection(SolutionConfigurationPlatforms) = preSolution
		Debug|Any CPU = Debug|Any CPU
		Release|Any CPU = Release|Any CPU
	EndGlobalSection
	GlobalSection(ProjectConfigurationPlatforms) = postSolution
		{15DF9206-BC6B-43B5-9B45-9F50B32C00F2}.Debug|Any CPU.ActiveCfg = Debug|Any CPU
		{15DF9206-BC6B-43B5-9B45-9F50B32C00F2}.Debug|Any CPU.Build.0 = Debug|Any CPU
		{15DF9206-BC6B-43B5-9B45-9F50B32C00F2}.Release|Any CPU.ActiveCfg = Release|Any CPU
		{15DF9206-BC6B-43B5-9B45-9F50B32C00F2}.Release|Any CPU.Build.0 = Release|Any CPU
		{76C06C19-B125-4812-B662-EE22F3861B54}.Debug|Any CPU.ActiveCfg = Debug|Any CPU
		{76C06C19-B125-4812-B662-EE22F3861B54}.Debug|Any CPU.Build.0 = Debug|Any CPU
		{76C06C19-B125-4812-B662-EE22F3861B54}.Release|Any CPU.ActiveCfg = Release|Any CPU
		{76C06C19-B125-4812-B662-EE22F3861B54}.Release|Any CPU.Build.0 = Release|Any CPU
	EndGlobalSection
	GlobalSection(SolutionProperties) = preSolution
		HideSolutionNode = FALSE
	EndGlobalSection
	GlobalSection(ExtensibilityGlobals) = postSolution
		SolutionGuid = {4304DB63-2FFC-4F63-B1B8-926E64D576FD}
	EndGlobalSection
EndGlobal
